
Microsoft Visual Studio Solution File, Format Version 12.00
# Visual Studio Version 17
VisualStudioVersion = 17.11.35312.102
MinimumVisualStudioVersion = 10.0.40219.1
Project("{FAE04EC0-301F-11D3-BF4B-00C04F79EFBC}") = "Week5LogicalOperators", "Week5LogicalOperators\Week5LogicalOperators.csproj", "{41E9BA5E-6D39-48CE-82B5-E0C9897D6761}"
EndProject
Project("{FAE04EC0-301F-11D3-BF4B-00C04F79EFBC}") = "ORoperator", "ORoperator\ORoperator.csproj", "{B47FD3BD-0036-432C-9920-855AAFF99D1C}"
EndProject
Project("{FAE04EC0-301F-11D3-BF4B-00C04F79EFBC}") = "ANDrangers", "ANDrangers\ANDrangers.csproj", "{CC38015A-96B6-47B6-8BCF-AC6D225E104A}"
EndProject
Project("{FAE04EC0-301F-11D3-BF4B-00C04F79EFBC}") = "ANDoperator", "ANDoperator\ANDoperator.csproj", "{B06814FF-602A-4AA1-B4EF-D892F4E352CB}"
EndProject
Global
	GlobalSection(SolutionConfigurationPlatforms) = preSolution
		Debug|Any CPU = Debug|Any CPU
		Release|Any CPU = Release|Any CPU
	EndGlobalSection
	GlobalSection(ProjectConfigurationPlatforms) = postSolution
		{41E9BA5E-6D39-48CE-82B5-E0C9897D6761}.Debug|Any CPU.ActiveCfg = Debug|Any CPU
		{41E9BA5E-6D39-48CE-82B5-E0C9897D6761}.Debug|Any CPU.Build.0 = Debug|Any CPU
		{41E9BA5E-6D39-48CE-82B5-E0C9897D6761}.Release|Any CPU.ActiveCfg = Release|Any CPU
		{41E9BA5E-6D39-48CE-82B5-E0C9897D6761}.Release|Any CPU.Build.0 = Release|Any CPU
		{B47FD3BD-0036-432C-9920-855AAFF99D1C}.Debug|Any CPU.ActiveCfg = Debug|Any CPU
		{B47FD3BD-0036-432C-9920-855AAFF99D1C}.Debug|Any CPU.Build.0 = Debug|Any CPU
		{B47FD3BD-0036-432C-9920-855AAFF99D1C}.Release|Any CPU.ActiveCfg = Release|Any CPU
		{B47FD3BD-0036-432C-9920-855AAFF99D1C}.Release|Any CPU.Build.0 = Release|Any CPU
		{CC38015A-96B6-47B6-8BCF-AC6D225E104A}.Debug|Any CPU.ActiveCfg = Debug|Any CPU
		{CC38015A-96B6-47B6-8BCF-AC6D225E104A}.Debug|Any CPU.Build.0 = Debug|Any CPU
		{CC38015A-96B6-47B6-8BCF-AC6D225E104A}.Release|Any CPU.ActiveCfg = Release|Any CPU
		{CC38015A-96B6-47B6-8BCF-AC6D225E104A}.Release|Any CPU.Build.0 = Release|Any CPU
		{B06814FF-602A-4AA1-B4EF-D892F4E352CB}.Debug|Any CPU.ActiveCfg = Debug|Any CPU
		{B06814FF-602A-4AA1-B4EF-D892F4E352CB}.Debug|Any CPU.Build.0 = Debug|Any CPU
		{B06814FF-602A-4AA1-B4EF-D892F4E352CB}.Release|Any CPU.ActiveCfg = Release|Any CPU
		{B06814FF-602A-4AA1-B4EF-D892F4E352CB}.Release|Any CPU.Build.0 = Release|Any CPU
	EndGlobalSection
	GlobalSection(SolutionProperties) = preSolution
		HideSolutionNode = FALSE
	EndGlobalSection
	GlobalSection(ExtensibilityGlobals) = postSolution
		SolutionGuid = {0C357444-D7E2-4077-BF13-F25412959048}
	EndGlobalSection
EndGlobal
